
Microsoft Visual Studio Solution File, Format Version 12.00
# Visual Studio Version 16
VisualStudioVersion = 16.0.32126.315
MinimumVisualStudioVersion = 10.0.40219.1
Project("{9A19103F-16F7-4668-BE54-9A1E7A4F7556}") = "GymMananger.Web", "GymMananger\GymMananger.Web.csproj", "{E0C76325-680F-4E8D-BE21-CD7D2315CD9B}"
	ProjectSection(ProjectDependencies) = postProject
		{B4AEFC87-95E8-46DD-A6A0-94EABE906AF5} = {B4AEFC87-95E8-46DD-A6A0-94EABE906AF5}
	EndProjectSection
EndProject
Project("{FAE04EC0-301F-11D3-BF4B-00C04F79EFBC}") = "GymManager.ApplicationServices", "GymManager.ApplicationServices\GymManager.ApplicationServices.csproj", "{1A1BC61D-AB50-4697-96AD-F8942F46159B}"
EndProject
Project("{FAE04EC0-301F-11D3-BF4B-00C04F79EFBC}") = "GymManager.Core", "GymManager.Core\GymManager.Core.csproj", "{B4AEFC87-95E8-46DD-A6A0-94EABE906AF5}"
EndProject
Global
	GlobalSection(SolutionConfigurationPlatforms) = preSolution
		Debug|Any CPU = Debug|Any CPU
		Release|Any CPU = Release|Any CPU
	EndGlobalSection
	GlobalSection(ProjectConfigurationPlatforms) = postSolution
		{E0C76325-680F-4E8D-BE21-CD7D2315CD9B}.Debug|Any CPU.ActiveCfg = Debug|Any CPU
		{E0C76325-680F-4E8D-BE21-CD7D2315CD9B}.Debug|Any CPU.Build.0 = Debug|Any CPU
		{E0C76325-680F-4E8D-BE21-CD7D2315CD9B}.Release|Any CPU.ActiveCfg = Release|Any CPU
		{E0C76325-680F-4E8D-BE21-CD7D2315CD9B}.Release|Any CPU.Build.0 = Release|Any CPU
		{1A1BC61D-AB50-4697-96AD-F8942F46159B}.Debug|Any CPU.ActiveCfg = Debug|Any CPU
		{1A1BC61D-AB50-4697-96AD-F8942F46159B}.Debug|Any CPU.Build.0 = Debug|Any CPU
		{1A1BC61D-AB50-4697-96AD-F8942F46159B}.Release|Any CPU.ActiveCfg = Release|Any CPU
		{1A1BC61D-AB50-4697-96AD-F8942F46159B}.Release|Any CPU.Build.0 = Release|Any CPU
		{B4AEFC87-95E8-46DD-A6A0-94EABE906AF5}.Debug|Any CPU.ActiveCfg = Debug|Any CPU
		{B4AEFC87-95E8-46DD-A6A0-94EABE906AF5}.Debug|Any CPU.Build.0 = Debug|Any CPU
		{B4AEFC87-95E8-46DD-A6A0-94EABE906AF5}.Release|Any CPU.ActiveCfg = Release|Any CPU
		{B4AEFC87-95E8-46DD-A6A0-94EABE906AF5}.Release|Any CPU.Build.0 = Release|Any CPU
	EndGlobalSection
	GlobalSection(SolutionProperties) = preSolution
		HideSolutionNode = FALSE
	EndGlobalSection
	GlobalSection(ExtensibilityGlobals) = postSolution
		SolutionGuid = {E0B58FC4-5F1B-4621-B44C-14F001822F0C}
	EndGlobalSection
EndGlobal
