
Microsoft Visual Studio Solution File, Format Version 12.00
# Visual Studio Version 16
VisualStudioVersion = 16.0.32126.315
MinimumVisualStudioVersion = 10.0.40219.1
Project("{FAE04EC0-301F-11D3-BF4B-00C04F79EFBC}") = "OOP.E2", "OOP.E2\OOP.E2.csproj", "{22EED996-0F5F-44B3-ADA8-96352CC5757A}"
EndProject
Project("{FAE04EC0-301F-11D3-BF4B-00C04F79EFBC}") = "Transporte", "Transporte\Transporte.csproj", "{9775DC7B-FB00-406D-A9CB-86FB82D5E0DD}"
EndProject
Global
	GlobalSection(SolutionConfigurationPlatforms) = preSolution
		Debug|Any CPU = Debug|Any CPU
		Release|Any CPU = Release|Any CPU
	EndGlobalSection
	GlobalSection(ProjectConfigurationPlatforms) = postSolution
		{22EED996-0F5F-44B3-ADA8-96352CC5757A}.Debug|Any CPU.ActiveCfg = Debug|Any CPU
		{22EED996-0F5F-44B3-ADA8-96352CC5757A}.Debug|Any CPU.Build.0 = Debug|Any CPU
		{22EED996-0F5F-44B3-ADA8-96352CC5757A}.Release|Any CPU.ActiveCfg = Release|Any CPU
		{22EED996-0F5F-44B3-ADA8-96352CC5757A}.Release|Any CPU.Build.0 = Release|Any CPU
		{9775DC7B-FB00-406D-A9CB-86FB82D5E0DD}.Debug|Any CPU.ActiveCfg = Debug|Any CPU
		{9775DC7B-FB00-406D-A9CB-86FB82D5E0DD}.Debug|Any CPU.Build.0 = Debug|Any CPU
		{9775DC7B-FB00-406D-A9CB-86FB82D5E0DD}.Release|Any CPU.ActiveCfg = Release|Any CPU
		{9775DC7B-FB00-406D-A9CB-86FB82D5E0DD}.Release|Any CPU.Build.0 = Release|Any CPU
	EndGlobalSection
	GlobalSection(SolutionProperties) = preSolution
		HideSolutionNode = FALSE
	EndGlobalSection
	GlobalSection(ExtensibilityGlobals) = postSolution
		SolutionGuid = {62927584-D518-43A5-BD4C-008332B0FAAB}
	EndGlobalSection
EndGlobal
